Microsoft Visual Studio Solution File, Format Version 12.00
# Visual Studio 14
VisualStudioVersion = 14.0.25420.1
MinimumVisualStudioVersion = 10.0.40219.1
Project("{FAE04EC0-301F-11D3-BF4B-00C04F79EFBC}") = "GeoQuiz", "GeoQuiz\GeoQuiz.csproj", "{627C79B9-CB9D-4136-B978-251053AA113F}"
EndProject
Project("{FAE04EC0-301F-11D3-BF4B-00C04F79EFBC}") = "CriminalIntent", "CriminalIntent\CriminalIntent.csproj", "{D1135825-8319-46E7-B30C-E85D206DF622}"
EndProject
Project("{FAE04EC0-301F-11D3-BF4B-00C04F79EFBC}") = "CriminalIntent.Core", "CriminalIntent.Core\CriminalIntent.Core.csproj", "{2C2052BA-14F7-418E-9818-099CCA51F73F}"
EndProject
Project("{FAE04EC0-301F-11D3-BF4B-00C04F79EFBC}") = "NerdLauncher", "NerdLauncher\NerdLauncher.csproj", "{F8288465-F74F-4D57-B591-992CFA8204F7}"
EndProject
Project("{FAE04EC0-301F-11D3-BF4B-00C04F79EFBC}") = "PhotoGallery", "PhotoGallery\PhotoGallery.csproj", "{3E684E0F-74BB-4D46-8E62-3DAFD45A0E79}"
EndProject
Project("{FAE04EC0-301F-11D3-BF4B-00C04F79EFBC}") = "DragAndDraw", "DragAndDraw\DragAndDraw.csproj", "{2EAE273C-B73A-4650-8E9B-E05F09AB1AE6}"
EndProject
Global
	GlobalSection(SolutionConfigurationPlatforms) = preSolution
		Debug|Any CPU = Debug|Any CPU
		Debug|x86 = Debug|x86
		Release|Any CPU = Release|Any CPU
		Release|x86 = Release|x86
	EndGlobalSection
	GlobalSection(ProjectConfigurationPlatforms) = postSolution
		{627C79B9-CB9D-4136-B978-251053AA113F}.Debug|Any CPU.ActiveCfg = Debug|Any CPU
		{627C79B9-CB9D-4136-B978-251053AA113F}.Debug|Any CPU.Build.0 = Debug|Any CPU
		{627C79B9-CB9D-4136-B978-251053AA113F}.Debug|Any CPU.Deploy.0 = Debug|Any CPU
		{627C79B9-CB9D-4136-B978-251053AA113F}.Debug|x86.ActiveCfg = Debug|Any CPU
		{627C79B9-CB9D-4136-B978-251053AA113F}.Release|Any CPU.ActiveCfg = Release|Any CPU
		{627C79B9-CB9D-4136-B978-251053AA113F}.Release|Any CPU.Build.0 = Release|Any CPU
		{627C79B9-CB9D-4136-B978-251053AA113F}.Release|Any CPU.Deploy.0 = Release|Any CPU
		{627C79B9-CB9D-4136-B978-251053AA113F}.Release|x86.ActiveCfg = Release|Any CPU
		{627C79B9-CB9D-4136-B978-251053AA113F}.Release|x86.Build.0 = Release|Any CPU
		{D1135825-8319-46E7-B30C-E85D206DF622}.Debug|Any CPU.ActiveCfg = Debug|Any CPU
		{D1135825-8319-46E7-B30C-E85D206DF622}.Debug|Any CPU.Build.0 = Debug|Any CPU
		{D1135825-8319-46E7-B30C-E85D206DF622}.Debug|Any CPU.Deploy.0 = Debug|Any CPU
		{D1135825-8319-46E7-B30C-E85D206DF622}.Debug|x86.ActiveCfg = Debug|Any CPU
		{D1135825-8319-46E7-B30C-E85D206DF622}.Debug|x86.Build.0 = Debug|Any CPU
		{D1135825-8319-46E7-B30C-E85D206DF622}.Debug|x86.Deploy.0 = Debug|Any CPU
		{D1135825-8319-46E7-B30C-E85D206DF622}.Release|Any CPU.ActiveCfg = Release|Any CPU
		{D1135825-8319-46E7-B30C-E85D206DF622}.Release|Any CPU.Build.0 = Release|Any CPU
		{D1135825-8319-46E7-B30C-E85D206DF622}.Release|Any CPU.Deploy.0 = Release|Any CPU
		{D1135825-8319-46E7-B30C-E85D206DF622}.Release|x86.ActiveCfg = Release|Any CPU
		{D1135825-8319-46E7-B30C-E85D206DF622}.Release|x86.Build.0 = Release|Any CPU
		{2C2052BA-14F7-418E-9818-099CCA51F73F}.Debug|Any CPU.ActiveCfg = Debug|Any CPU
		{2C2052BA-14F7-418E-9818-099CCA51F73F}.Debug|Any CPU.Build.0 = Debug|Any CPU
		{2C2052BA-14F7-418E-9818-099CCA51F73F}.Debug|x86.ActiveCfg = Debug|Any CPU
		{2C2052BA-14F7-418E-9818-099CCA51F73F}.Debug|x86.Build.0 = Debug|Any CPU
		{2C2052BA-14F7-418E-9818-099CCA51F73F}.Release|Any CPU.ActiveCfg = Release|Any CPU
		{2C2052BA-14F7-418E-9818-099CCA51F73F}.Release|Any CPU.Build.0 = Release|Any CPU
		{2C2052BA-14F7-418E-9818-099CCA51F73F}.Release|x86.ActiveCfg = Release|Any CPU
		{2C2052BA-14F7-418E-9818-099CCA51F73F}.Release|x86.Build.0 = Release|Any CPU
		{F8288465-F74F-4D57-B591-992CFA8204F7}.Debug|Any CPU.ActiveCfg = Debug|Any CPU
		{F8288465-F74F-4D57-B591-992CFA8204F7}.Debug|Any CPU.Build.0 = Debug|Any CPU
		{F8288465-F74F-4D57-B591-992CFA8204F7}.Debug|Any CPU.Deploy.0 = Debug|Any CPU
		{F8288465-F74F-4D57-B591-992CFA8204F7}.Debug|x86.ActiveCfg = Debug|Any CPU
		{F8288465-F74F-4D57-B591-992CFA8204F7}.Debug|x86.Build.0 = Debug|Any CPU
		{F8288465-F74F-4D57-B591-992CFA8204F7}.Debug|x86.Deploy.0 = Debug|Any CPU
		{F8288465-F74F-4D57-B591-992CFA8204F7}.Release|Any CPU.ActiveCfg = Release|Any CPU
		{F8288465-F74F-4D57-B591-992CFA8204F7}.Release|Any CPU.Build.0 = Release|Any CPU
		{F8288465-F74F-4D57-B591-992CFA8204F7}.Release|Any CPU.Deploy.0 = Release|Any CPU
		{F8288465-F74F-4D57-B591-992CFA8204F7}.Release|x86.ActiveCfg = Release|Any CPU
		{F8288465-F74F-4D57-B591-992CFA8204F7}.Release|x86.Build.0 = Release|Any CPU
		{F8288465-F74F-4D57-B591-992CFA8204F7}.Release|x86.Deploy.0 = Release|Any CPU
		{3E684E0F-74BB-4D46-8E62-3DAFD45A0E79}.Debug|Any CPU.ActiveCfg = Debug|Any CPU
		{3E684E0F-74BB-4D46-8E62-3DAFD45A0E79}.Debug|Any CPU.Build.0 = Debug|Any CPU
		{3E684E0F-74BB-4D46-8E62-3DAFD45A0E79}.Debug|Any CPU.Deploy.0 = Debug|Any CPU
		{3E684E0F-74BB-4D46-8E62-3DAFD45A0E79}.Debug|x86.ActiveCfg = Debug|Any CPU
		{3E684E0F-74BB-4D46-8E62-3DAFD45A0E79}.Debug|x86.Build.0 = Debug|Any CPU
		{3E684E0F-74BB-4D46-8E62-3DAFD45A0E79}.Debug|x86.Deploy.0 = Debug|Any CPU
		{3E684E0F-74BB-4D46-8E62-3DAFD45A0E79}.Release|Any CPU.ActiveCfg = Release|Any CPU
		{3E684E0F-74BB-4D46-8E62-3DAFD45A0E79}.Release|Any CPU.Build.0 = Release|Any CPU
		{3E684E0F-74BB-4D46-8E62-3DAFD45A0E79}.Release|Any CPU.Deploy.0 = Release|Any CPU
		{3E684E0F-74BB-4D46-8E62-3DAFD45A0E79}.Release|x86.ActiveCfg = Release|Any CPU
		{3E684E0F-74BB-4D46-8E62-3DAFD45A0E79}.Release|x86.Build.0 = Release|Any CPU
		{3E684E0F-74BB-4D46-8E62-3DAFD45A0E79}.Release|x86.Deploy.0 = Release|Any CPU
		{2EAE273C-B73A-4650-8E9B-E05F09AB1AE6}.Debug|Any CPU.ActiveCfg = Debug|Any CPU
		{2EAE273C-B73A-4650-8E9B-E05F09AB1AE6}.Debug|Any CPU.Build.0 = Debug|Any CPU
		{2EAE273C-B73A-4650-8E9B-E05F09AB1AE6}.Debug|Any CPU.Deploy.0 = Debug|Any CPU
		{2EAE273C-B73A-4650-8E9B-E05F09AB1AE6}.Debug|x86.ActiveCfg = Debug|Any CPU
		{2EAE273C-B73A-4650-8E9B-E05F09AB1AE6}.Debug|x86.Build.0 = Debug|Any CPU
		{2EAE273C-B73A-4650-8E9B-E05F09AB1AE6}.Debug|x86.Deploy.0 = Debug|Any CPU
		{2EAE273C-B73A-4650-8E9B-E05F09AB1AE6}.Release|Any CPU.ActiveCfg = Release|Any CPU
		{2EAE273C-B73A-4650-8E9B-E05F09AB1AE6}.Release|Any CPU.Build.0 = Release|Any CPU
		{2EAE273C-B73A-4650-8E9B-E05F09AB1AE6}.Release|Any CPU.Deploy.0 = Release|Any CPU
		{2EAE273C-B73A-4650-8E9B-E05F09AB1AE6}.Release|x86.ActiveCfg = Release|Any CPU
		{2EAE273C-B73A-4650-8E9B-E05F09AB1AE6}.Release|x86.Build.0 = Release|Any CPU
		{2EAE273C-B73A-4650-8E9B-E05F09AB1AE6}.Release|x86.Deploy.0 = Release|Any CPU
	EndGlobalSection
	GlobalSection(SolutionProperties) = preSolution
		HideSolutionNode = FALSE
	EndGlobalSection
EndGlobal
